
Microsoft Visual Studio Solution File, Format Version 12.00
# Visual Studio 15
VisualStudioVersion = 15.0.28010.2046
MinimumVisualStudioVersion = 10.0.40219.1
Project("{FAE04EC0-301F-11D3-BF4B-00C04F79EFBC}") = "CustomNugetServer", "CustomNugetServer\CustomNugetServer.csproj", "{DAF2D1EF-C033-412B-9F38-465A635792AA}"
EndProject
Global
	GlobalSection(SolutionConfigurationPlatforms) = preSolution
		Debug|Any CPU = Debug|Any CPU
		Release|Any CPU = Release|Any CPU
	EndGlobalSection
	GlobalSection(ProjectConfigurationPlatforms) = postSolution
		{DAF2D1EF-C033-412B-9F38-465A635792AA}.Debug|Any CPU.ActiveCfg = Debug|Any CPU
		{DAF2D1EF-C033-412B-9F38-465A635792AA}.Debug|Any CPU.Build.0 = Debug|Any CPU
		{DAF2D1EF-C033-412B-9F38-465A635792AA}.Release|Any CPU.ActiveCfg = Release|Any CPU
		{DAF2D1EF-C033-412B-9F38-465A635792AA}.Release|Any CPU.Build.0 = Release|Any CPU
	EndGlobalSection
	GlobalSection(SolutionProperties) = preSolution
		HideSolutionNode = FALSE
	EndGlobalSection
	GlobalSection(ExtensibilityGlobals) = postSolution
		SolutionGuid = {1AC5DBF4-92F2-415F-974D-4AEBEEAF4211}
	EndGlobalSection
EndGlobal
